// !$*UTF8*$!
{
	archiveVersion = 1;
	classes = {
	};
	objectVersion = 50;
	objects = {

/* Begin PBXBuildFile section */
		6AC0134F24BB3E1D00447E36 /* Tests_iOS.swift in Sources */ = {isa = PBXBuildFile; fileRef = 6AC0134E24BB3E1D00447E36 /* Tests_iOS.swift */; };
		6AC0135A24BB3E1D00447E36 /* Tests_macOS.swift in Sources */ = {isa = PBXBuildFile; fileRef = 6AC0135924BB3E1D00447E36 /* Tests_macOS.swift */; };
		6AC0135C24BB3E1D00447E36 /* StrowkeApp.swift in Sources */ = {isa = PBXBuildFile; fileRef = 6AC0133324BB3E1C00447E36 /* StrowkeApp.swift */; };
		6AC0135D24BB3E1E00447E36 /* StrowkeApp.swift in Sources */ = {isa = PBXBuildFile; fileRef = 6AC0133324BB3E1C00447E36 /* StrowkeApp.swift */; };
		6AC0135E24BB3E1E00447E36 /* ContentView.swift in Sources */ = {isa = PBXBuildFile; fileRef = 6AC0133424BB3E1C00447E36 /* ContentView.swift */; };
		6AC0135F24BB3E1E00447E36 /* ContentView.swift in Sources */ = {isa = PBXBuildFile; fileRef = 6AC0133424BB3E1C00447E36 /* ContentView.swift */; };
		6AC0136024BB3E1E00447E36 /* Assets.xcassets in Resources */ = {isa = PBXBuildFile; fileRef = 6AC0133524BB3E1D00447E36 /* Assets.xcassets */; };
		6AC0136124BB3E1E00447E36 /* Assets.xcassets in Resources */ = {isa = PBXBuildFile; fileRef = 6AC0133524BB3E1D00447E36 /* Assets.xcassets */; };
		6AC0137124BB3E3700447E36 /* MainTimerView.swift in Sources */ = {isa = PBXBuildFile; fileRef = 6AC0137024BB3E3700447E36 /* MainTimerView.swift */; };
		6AC0137224BB3E3700447E36 /* MainTimerView.swift in Sources */ = {isa = PBXBuildFile; fileRef = 6AC0137024BB3E3700447E36 /* MainTimerView.swift */; };
		6AC0137424BB410000447E36 /* CountDownView.swift in Sources */ = {isa = PBXBuildFile; fileRef = 6AC0137324BB410000447E36 /* CountDownView.swift */; };
		6AC0137524BB410000447E36 /* CountDownView.swift in Sources */ = {isa = PBXBuildFile; fileRef = 6AC0137324BB410000447E36 /* CountDownView.swift */; };
		6AC0137724BB4B3000447E36 /* CDView.swift in Sources */ = {isa = PBXBuildFile; fileRef = 6AC0137624BB4B3000447E36 /* CDView.swift */; };
		6AC0137824BB4B3000447E36 /* CDView.swift in Sources */ = {isa = PBXBuildFile; fileRef = 6AC0137624BB4B3000447E36 /* CDView.swift */; };
/* End PBXBuildFile section */

/* Begin PBXContainerItemProxy section */
		6AC0134B24BB3E1D00447E36 /* PBXContainerItemProxy */ = {
			isa = PBXContainerItemProxy;
			containerPortal = 6AC0132E24BB3E1C00447E36 /* Project object */;
			proxyType = 1;
			remoteGlobalIDString = 6AC0133924BB3E1D00447E36;
			remoteInfo = iOS;
		};
		6AC0135624BB3E1D00447E36 /* PBXContainerItemProxy */ = {
			isa = PBXContainerItemProxy;
			containerPortal = 6AC0132E24BB3E1C00447E36 /* Project object */;
			proxyType = 1;
			remoteGlobalIDString = 6AC0134124BB3E1D00447E36;
			remoteInfo = macOS;
		};
/* End PBXContainerItemProxy section */

/* Begin PBXFileReference section */
		6AC0133324BB3E1C00447E36 /* StrowkeApp.swift */ = {isa = PBXFileReference; lastKnownFileType = sourcecode.swift; path = StrowkeApp.swift; sourceTree = "<group>"; };
		6AC0133424BB3E1C00447E36 /* ContentView.swift */ = {isa = PBXFileReference; lastKnownFileType = sourcecode.swift; path = ContentView.swift; sourceTree = "<group>"; };
		6AC0133524BB3E1D00447E36 /* Assets.xcassets */ = {isa = PBXFileReference; lastKnownFileType = folder.assetcatalog; path = Assets.xcassets; sourceTree = "<group>"; };
		6AC0133A24BB3E1D00447E36 /* Strowke.app */ = {isa = PBXFileReference; explicitFileType = wrapper.application; includeInIndex = 0; path = Strowke.app; sourceTree = BUILT_PRODUCTS_DIR; };
		6AC0133D24BB3E1D00447E36 /* Info.plist */ = {isa = PBXFileReference; lastKnownFileType = text.plist.xml; path = Info.plist; sourceTree = "<group>"; };
		6AC0134224BB3E1D00447E36 /* Strowke.app */ = {isa = PBXFileReference; explicitFileType = wrapper.application; includeInIndex = 0; path = Strowke.app; sourceTree = BUILT_PRODUCTS_DIR; };
		6AC0134424BB3E1D00447E36 /* Info.plist */ = {isa = PBXFileReference; lastKnownFileType = text.plist.xml; path = Info.plist; sourceTree = "<group>"; };
		6AC0134524BB3E1D00447E36 /* macOS.entitlements */ = {isa = PBXFileReference; lastKnownFileType = text.plist.entitlements; path = macOS.entitlements; sourceTree = "<group>"; };
		6AC0134A24BB3E1D00447E36 /* Tests iOS.xctest */ = {isa = PBXFileReference; explicitFileType = wrapper.cfbundle; includeInIndex = 0; path = "Tests iOS.xctest"; sourceTree = BUILT_PRODUCTS_DIR; };
		6AC0134E24BB3E1D00447E36 /* Tests_iOS.swift */ = {isa = PBXFileReference; lastKnownFileType = sourcecode.swift; path = Tests_iOS.swift; sourceTree = "<group>"; };
		6AC0135024BB3E1D00447E36 /* Info.plist */ = {isa = PBXFileReference; lastKnownFileType = text.plist.xml; path = Info.plist; sourceTree = "<group>"; };
		6AC0135524BB3E1D00447E36 /* Tests macOS.xctest */ = {isa = PBXFileReference; explicitFileType = wrapper.cfbundle; includeInIndex = 0; path = "Tests macOS.xctest"; sourceTree = BUILT_PRODUCTS_DIR; };
		6AC0135924BB3E1D00447E36 /* Tests_macOS.swift */ = {isa = PBXFileReference; lastKnownFileType = sourcecode.swift; path = Tests_macOS.swift; sourceTree = "<group>"; };
		6AC0135B24BB3E1D00447E36 /* Info.plist */ = {isa = PBXFileReference; lastKnownFileType = text.plist.xml; path = Info.plist; sourceTree = "<group>"; };
		6AC0137024BB3E3700447E36 /* MainTimerView.swift */ = {isa = PBXFileReference; lastKnownFileType = sourcecode.swift; path = MainTimerView.swift; sourceTree = "<group>"; };
		6AC0137324BB410000447E36 /* CountDownView.swift */ = {isa = PBXFileReference; lastKnownFileType = sourcecode.swift; path = CountDownView.swift; sourceTree = "<group>"; };
		6AC0137624BB4B3000447E36 /* CDView.swift */ = {isa = PBXFileReference; lastKnownFileType = sourcecode.swift; path = CDView.swift; sourceTree = "<group>"; };
/* End PBXFileReference section */

/* Begin PBXFrameworksBuildPhase section */
		6AC0133724BB3E1D00447E36 /* Frameworks */ = {
			isa = PBXFrameworksBuildPhase;
			buildActionMask = 2147483647;
			files = (
			);
			runOnlyForDeploymentPostprocessing = 0;
		};
		6AC0133F24BB3E1D00447E36 /* Frameworks */ = {
			isa = PBXFrameworksBuildPhase;
			buildActionMask = 2147483647;
			files = (
			);
			runOnlyForDeploymentPostprocessing = 0;
		};
		6AC0134724BB3E1D00447E36 /* Frameworks */ = {
			isa = PBXFrameworksBuildPhase;
			buildActionMask = 2147483647;
			files = (
			);
			runOnlyForDeploymentPostprocessing = 0;
		};
		6AC0135224BB3E1D00447E36 /* Frameworks */ = {
			isa = PBXFrameworksBuildPhase;
			buildActionMask = 2147483647;
			files = (
			);
			runOnlyForDeploymentPostprocessing = 0;
		};
/* End PBXFrameworksBuildPhase section */

/* Begin PBXGroup section */
		6AC0132D24BB3E1C00447E36 = {
			isa = PBXGroup;
			children = (
				6AC0133224BB3E1C00447E36 /* Shared */,
				6AC0133C24BB3E1D00447E36 /* iOS */,
				6AC0134324BB3E1D00447E36 /* macOS */,
				6AC0134D24BB3E1D00447E36 /* Tests iOS */,
				6AC0135824BB3E1D00447E36 /* Tests macOS */,
				6AC0133B24BB3E1D00447E36 /* Products */,
			);
			sourceTree = "<group>";
		};
		6AC0133224BB3E1C00447E36 /* Shared */ = {
			isa = PBXGroup;
			children = (
				6AC0133324BB3E1C00447E36 /* StrowkeApp.swift */,
				6AC0137024BB3E3700447E36 /* MainTimerView.swift */,
				6AC0137324BB410000447E36 /* CountDownView.swift */,
				6AC0137624BB4B3000447E36 /* CDView.swift */,
				6AC0133424BB3E1C00447E36 /* ContentView.swift */,
				6AC0133524BB3E1D00447E36 /* Assets.xcassets */,
			);
			path = Shared;
			sourceTree = "<group>";
		};
		6AC0133B24BB3E1D00447E36 /* Products */ = {
			isa = PBXGroup;
			children = (
				6AC0133A24BB3E1D00447E36 /* Strowke.app */,
				6AC0134224BB3E1D00447E36 /* Strowke.app */,
				6AC0134A24BB3E1D00447E36 /* Tests iOS.xctest */,
				6AC0135524BB3E1D00447E36 /* Tests macOS.xctest */,
			);
			name = Products;
			sourceTree = "<group>";
		};
		6AC0133C24BB3E1D00447E36 /* iOS */ = {
			isa = PBXGroup;
			children = (
				6AC0133D24BB3E1D00447E36 /* Info.plist */,
			);
			path = iOS;
			sourceTree = "<group>";
		};
		6AC0134324BB3E1D00447E36 /* macOS */ = {
			isa = PBXGroup;
			children = (
				6AC0134424BB3E1D00447E36 /* Info.plist */,
				6AC0134524BB3E1D00447E36 /* macOS.entitlements */,
			);
			path = macOS;
			sourceTree = "<group>";
		};
		6AC0134D24BB3E1D00447E36 /* Tests iOS */ = {
			isa = PBXGroup;
			children = (
				6AC0134E24BB3E1D00447E36 /* Tests_iOS.swift */,
				6AC0135024BB3E1D00447E36 /* Info.plist */,
			);
			path = "Tests iOS";
			sourceTree = "<group>";
		};
		6AC0135824BB3E1D00447E36 /* Tests macOS */ = {
			isa = PBXGroup;
			children = (
				6AC0135924BB3E1D00447E36 /* Tests_macOS.swift */,
				6AC0135B24BB3E1D00447E36 /* Info.plist */,
			);
			path = "Tests macOS";
			sourceTree = "<group>";
		};
/* End PBXGroup section */

/* Begin PBXNativeTarget section */
		6AC0133924BB3E1D00447E36 /* iOS */ = {
			isa = PBXNativeTarget;
			buildConfigurationList = 6AC0136424BB3E1E00447E36 /* Build configuration list for PBXNativeTarget "iOS" */;
			buildPhases = (
				6AC0133624BB3E1D00447E36 /* Sources */,
				6AC0133724BB3E1D00447E36 /* Frameworks */,
				6AC0133824BB3E1D00447E36 /* Resources */,
			);
			buildRules = (
			);
			dependencies = (
			);
			name = iOS;
			productName = iOS;
			productReference = 6AC0133A24BB3E1D00447E36 /* Strowke.app */;
			productType = "com.apple.product-type.application";
		};
		6AC0134124BB3E1D00447E36 /* macOS */ = {
			isa = PBXNativeTarget;
			buildConfigurationList = 6AC0136724BB3E1E00447E36 /* Build configuration list for PBXNativeTarget "macOS" */;
			buildPhases = (
				6AC0133E24BB3E1D00447E36 /* Sources */,
				6AC0133F24BB3E1D00447E36 /* Frameworks */,
				6AC0134024BB3E1D00447E36 /* Resources */,
			);
			buildRules = (
			);
			dependencies = (
			);
			name = macOS;
			productName = macOS;
			productReference = 6AC0134224BB3E1D00447E36 /* Strowke.app */;
			productType = "com.apple.product-type.application";
		};
		6AC0134924BB3E1D00447E36 /* Tests iOS */ = {
			isa = PBXNativeTarget;
			buildConfigurationList = 6AC0136A24BB3E1E00447E36 /* Build configuration list for PBXNativeTarget "Tests iOS" */;
			buildPhases = (
				6AC0134624BB3E1D00447E36 /* Sources */,
				6AC0134724BB3E1D00447E36 /* Frameworks */,
				6AC0134824BB3E1D00447E36 /* Resources */,
			);
			buildRules = (
			);
			dependencies = (
				6AC0134C24BB3E1D00447E36 /* PBXTargetDependency */,
			);
			name = "Tests iOS";
			productName = "Tests iOS";
			productReference = 6AC0134A24BB3E1D00447E36 /* Tests iOS.xctest */;
			productType = "com.apple.product-type.bundle.ui-testing";
		};
		6AC0135424BB3E1D00447E36 /* Tests macOS */ = {
			isa = PBXNativeTarget;
			buildConfigurationList = 6AC0136D24BB3E1E00447E36 /* Build configuration list for PBXNativeTarget "Tests macOS" */;
			buildPhases = (
				6AC0135124BB3E1D00447E36 /* Sources */,
				6AC0135224BB3E1D00447E36 /* Frameworks */,
				6AC0135324BB3E1D00447E36 /* Resources */,
			);
			buildRules = (
			);
			dependencies = (
				6AC0135724BB3E1D00447E36 /* PBXTargetDependency */,
			);
			name = "Tests macOS";
			productName = "Tests macOS";
			productReference = 6AC0135524BB3E1D00447E36 /* Tests macOS.xctest */;
			productType = "com.apple.product-type.bundle.ui-testing";
		};
/* End PBXNativeTarget section */

/* Begin PBXProject section */
		6AC0132E24BB3E1C00447E36 /* Project object */ = {
			isa = PBXProject;
			attributes = {
				LastSwiftUpdateCheck = 1200;
				LastUpgradeCheck = 1200;
				TargetAttributes = {
					6AC0133924BB3E1D00447E36 = {
						CreatedOnToolsVersion = 12.0;
					};
					6AC0134124BB3E1D00447E36 = {
						CreatedOnToolsVersion = 12.0;
					};
					6AC0134924BB3E1D00447E36 = {
						CreatedOnToolsVersion = 12.0;
						TestTargetID = 6AC0133924BB3E1D00447E36;
					};
					6AC0135424BB3E1D00447E36 = {
						CreatedOnToolsVersion = 12.0;
						TestTargetID = 6AC0134124BB3E1D00447E36;
					};
				};
			};
			buildConfigurationList = 6AC0133124BB3E1C00447E36 /* Build configuration list for PBXProject "Strowke" */;
			compatibilityVersion = "Xcode 9.3";
			developmentRegion = en;
			hasScannedForEncodings = 0;
			knownRegions = (
				en,
				Base,
			);
			mainGroup = 6AC0132D24BB3E1C00447E36;
			productRefGroup = 6AC0133B24BB3E1D00447E36 /* Products */;
			projectDirPath = "";
			projectRoot = "";
			targets = (
				6AC0133924BB3E1D00447E36 /* iOS */,
				6AC0134124BB3E1D00447E36 /* macOS */,
				6AC0134924BB3E1D00447E36 /* Tests iOS */,
				6AC0135424BB3E1D00447E36 /* Tests macOS */,
			);
		};
/* End PBXProject section */

/* Begin PBXResourcesBuildPhase section */
		6AC0133824BB3E1D00447E36 /* Resources */ = {
			isa = PBXResourcesBuildPhase;
			buildActionMask = 2147483647;
			files = (
				6AC0136024BB3E1E00447E36 /* Assets.xcassets in Resources */,
			);
			runOnlyForDeploymentPostprocessing = 0;
		};
		6AC0134024BB3E1D00447E36 /* Resources */ = {
			isa = PBXResourcesBuildPhase;
			buildActionMask = 2147483647;
			files = (
				6AC0136124BB3E1E00447E36 /* Assets.xcassets in Resources */,
			);
			runOnlyForDeploymentPostprocessing = 0;
		};
		6AC0134824BB3E1D00447E36 /* Resources */ = {
			isa = PBXResourcesBuildPhase;
			buildActionMask = 2147483647;
			files = (
			);
			runOnlyForDeploymentPostprocessing = 0;
		};
		6AC0135324BB3E1D00447E36 /* Resources */ = {
			isa = PBXResourcesBuildPhase;
			buildActionMask = 2147483647;
			files = (
			);
			runOnlyForDeploymentPostprocessing = 0;
		};
/* End PBXResourcesBuildPhase section */

/* Begin PBXSourcesBuildPhase section */
		6AC0133624BB3E1D00447E36 /* Sources */ = {
			isa = PBXSourcesBuildPhase;
			buildActionMask = 2147483647;
			files = (
				6AC0135E24BB3E1E00447E36 /* ContentView.swift in Sources */,
				6AC0135C24BB3E1D00447E36 /* StrowkeApp.swift in Sources */,
				6AC0137424BB410000447E36 /* CountDownView.swift in Sources */,
				6AC0137724BB4B3000447E36 /* CDView.swift in Sources */,
				6AC0137124BB3E3700447E36 /* MainTimerView.swift in Sources */,
			);
			runOnlyForDeploymentPostprocessing = 0;
		};
		6AC0133E24BB3E1D00447E36 /* Sources */ = {
			isa = PBXSourcesBuildPhase;
			buildActionMask = 2147483647;
			files = (
				6AC0135F24BB3E1E00447E36 /* ContentView.swift in Sources */,
				6AC0135D24BB3E1E00447E36 /* StrowkeApp.swift in Sources */,
				6AC0137524BB410000447E36 /* CountDownView.swift in Sources */,
				6AC0137824BB4B3000447E36 /* CDView.swift in Sources */,
				6AC0137224BB3E3700447E36 /* MainTimerView.swift in Sources */,
			);
			runOnlyForDeploymentPostprocessing = 0;
		};
		6AC0134624BB3E1D00447E36 /* Sources */ = {
			isa = PBXSourcesBuildPhase;
			buildActionMask = 2147483647;
			files = (
				6AC0134F24BB3E1D00447E36 /* Tests_iOS.swift in Sources */,
			);
			runOnlyForDeploymentPostprocessing = 0;
		};
		6AC0135124BB3E1D00447E36 /* Sources */ = {
			isa = PBXSourcesBuildPhase;
			buildActionMask = 2147483647;
			files = (
				6AC0135A24BB3E1D00447E36 /* Tests_macOS.swift in Sources */,
			);
			runOnlyForDeploymentPostprocessing = 0;
		};
/* End PBXSourcesBuildPhase section */

/* Begin PBXTargetDependency section */
		6AC0134C24BB3E1D00447E36 /* PBXTargetDependency */ = {
			isa = PBXTargetDependency;
			target = 6AC0133924BB3E1D00447E36 /* iOS */;
			targetProxy = 6AC0134B24BB3E1D00447E36 /* PBXContainerItemProxy */;
		};
		6AC0135724BB3E1D00447E36 /* PBXTargetDependency */ = {
			isa = PBXTargetDependency;
			target = 6AC0134124BB3E1D00447E36 /* macOS */;
			targetProxy = 6AC0135624BB3E1D00447E36 /* PBXContainerItemProxy */;
		};
/* End PBXTargetDependency section */

/* Begin XCBuildConfiguration section */
		6AC0136224BB3E1E00447E36 /* Debug */ = {
			isa = XCBuildConfiguration;
			buildSettings = {
				ALWAYS_SEARCH_USER_PATHS = NO;
				CLANG_ANALYZER_NONNULL = YES;
				CLANG_ANALYZER_NUMBER_OBJECT_CONVERSION = YES_AGGRESSIVE;
				CLANG_CXX_LANGUAGE_STANDARD = "gnu++14";
				CLANG_CXX_LIBRARY = "libc++";
				CLANG_ENABLE_MODULES = YES;
				CLANG_ENABLE_OBJC_ARC = YES;
				CLANG_ENABLE_OBJC_WEAK = YES;
				CLANG_WARN_BLOCK_CAPTURE_AUTORELEASING = YES;
				CLANG_WARN_BOOL_CONVERSION = YES;
				CLANG_WARN_COMMA = YES;
				CLANG_WARN_CONSTANT_CONVERSION = YES;
				CLANG_WARN_DEPRECATED_OBJC_IMPLEMENTATIONS = YES;
				CLANG_WARN_DIRECT_OBJC_ISA_USAGE = YES_ERROR;
				CLANG_WARN_DOCUMENTATION_COMMENTS = YES;
				CLANG_WARN_EMPTY_BODY = YES;
				CLANG_WARN_ENUM_CONVERSION = YES;
				CLANG_WARN_INFINITE_RECURSION = YES;
				CLANG_WARN_INT_CONVERSION = YES;
				CLANG_WARN_NON_LITERAL_NULL_CONVERSION = YES;
				CLANG_WARN_OBJC_IMPLICIT_RETAIN_SELF = YES;
				CLANG_WARN_OBJC_LITERAL_CONVERSION = YES;
				CLANG_WARN_OBJC_ROOT_CLASS = YES_ERROR;
				CLANG_WARN_QUOTED_INCLUDE_IN_FRAMEWORK_HEADER = YES;
				CLANG_WARN_RANGE_LOOP_ANALYSIS = YES;
				CLANG_WARN_STRICT_PROTOTYPES = YES;
				CLANG_WARN_SUSPICIOUS_MOVE = YES;
				CLANG_WARN_UNGUARDED_AVAILABILITY = YES_AGGRESSIVE;
				CLANG_WARN_UNREACHABLE_CODE = YES;
				CLANG_WARN__DUPLICATE_METHOD_MATCH = YES;
				COPY_PHASE_STRIP = NO;
				DEBUG_INFORMATION_FORMAT = dwarf;
				ENABLE_STRICT_OBJC_MSGSEND = YES;
				ENABLE_TESTABILITY = YES;
				GCC_C_LANGUAGE_STANDARD = gnu11;
				GCC_DYNAMIC_NO_PIC = NO;
				GCC_NO_COMMON_BLOCKS = YES;
				GCC_OPTIMIZATION_LEVEL = 0;
				GCC_PREPROCESSOR_DEFINITIONS = (
					"DEBUG=1",
					"$(inherited)",
				);
				GCC_WARN_64_TO_32_BIT_CONVERSION = YES;
				GCC_WARN_ABOUT_RETURN_TYPE = YES_ERROR;
				GCC_WARN_UNDECLARED_SELECTOR = YES;
				GCC_WARN_UNINITIALIZED_AUTOS = YES_AGGRESSIVE;
				GCC_WARN_UNUSED_FUNCTION = YES;
				GCC_WARN_UNUSED_VARIABLE = YES;
				MTL_ENABLE_DEBUG_INFO = INCLUDE_SOURCE;
				MTL_FAST_MATH = YES;
				ONLY_ACTIVE_ARCH = YES;
				SWIFT_ACTIVE_COMPILATION_CONDITIONS = DEBUG;
				SWIFT_OPTIMIZATION_LEVEL = "-Onone";
			};
			name = Debug;
		};
		6AC0136324BB3E1E00447E36 /* Release */ = {
			isa = XCBuildConfiguration;
			buildSettings = {
				ALWAYS_SEARCH_USER_PATHS = NO;
				CLANG_ANALYZER_NONNULL = YES;
				CLANG_ANALYZER_NUMBER_OBJECT_CONVERSION = YES_AGGRESSIVE;
				CLANG_CXX_LANGUAGE_STANDARD = "gnu++14";
				CLANG_CXX_LIBRARY = "libc++";
				CLANG_ENABLE_MODULES = YES;
				CLANG_ENABLE_OBJC_ARC = YES;
				CLANG_ENABLE_OBJC_WEAK = YES;
				CLANG_WARN_BLOCK_CAPTURE_AUTORELEASING = YES;
				CLANG_WARN_BOOL_CONVERSION = YES;
				CLANG_WARN_COMMA = YES;
				CLANG_WARN_CONSTANT_CONVERSION = YES;
				CLANG_WARN_DEPRECATED_OBJC_IMPLEMENTATIONS = YES;
				CLANG_WARN_DIRECT_OBJC_ISA_USAGE = YES_ERROR;
				CLANG_WARN_DOCUMENTATION_COMMENTS = YES;
				CLANG_WARN_EMPTY_BODY = YES;
				CLANG_WARN_ENUM_CONVERSION = YES;
				CLANG_WARN_INFINITE_RECURSION = YES;
				CLANG_WARN_INT_CONVERSION = YES;
				CLANG_WARN_NON_LITERAL_NULL_CONVERSION = YES;
				CLANG_WARN_OBJC_IMPLICIT_RETAIN_SELF = YES;
				CLANG_WARN_OBJC_LITERAL_CONVERSION = YES;
				CLANG_WARN_OBJC_ROOT_CLASS = YES_ERROR;
				CLANG_WARN_QUOTED_INCLUDE_IN_FRAMEWORK_HEADER = YES;
				CLANG_WARN_RANGE_LOOP_ANALYSIS = YES;
				CLANG_WARN_STRICT_PROTOTYPES = YES;
				CLANG_WARN_SUSPICIOUS_MOVE = YES;
				CLANG_WARN_UNGUARDED_AVAILABILITY = YES_AGGRESSIVE;
				CLANG_WARN_UNREACHABLE_CODE = YES;
				CLANG_WARN__DUPLICATE_METHOD_MATCH = YES;
				COPY_PHASE_STRIP = NO;
				DEBUG_INFORMATION_FORMAT = "dwarf-with-dsym";
				ENABLE_NS_ASSERTIONS = NO;
				ENABLE_STRICT_OBJC_MSGSEND = YES;
				GCC_C_LANGUAGE_STANDARD = gnu11;
				GCC_NO_COMMON_BLOCKS = YES;
				GCC_WARN_64_TO_32_BIT_CONVERSION = YES;
				GCC_WARN_ABOUT_RETURN_TYPE = YES_ERROR;
				GCC_WARN_UNDECLARED_SELECTOR = YES;
				GCC_WARN_UNINITIALIZED_AUTOS = YES_AGGRESSIVE;
				GCC_WARN_UNUSED_FUNCTION = YES;
				GCC_WARN_UNUSED_VARIABLE = YES;
				MTL_ENABLE_DEBUG_INFO = NO;
				MTL_FAST_MATH = YES;
				SWIFT_COMPILATION_MODE = wholemodule;
				SWIFT_OPTIMIZATION_LEVEL = "-O";
			};
			name = Release;
		};
		6AC0136524BB3E1E00447E36 /* Debug */ = {
			isa = XCBuildConfiguration;
			buildSettings = {
				ASSETCATALOG_COMPILER_APPICON_NAME = AppIcon;
				ASSETCATALOG_COMPILER_GLOBAL_ACCENT_COLOR_NAME = AccentColor;
				CODE_SIGN_STYLE = Automatic;
				DEVELOPMENT_TEAM = 6365P5X875;
				ENABLE_PREVIEWS = YES;
				INFOPLIST_FILE = iOS/Info.plist;
				IPHONEOS_DEPLOYMENT_TARGET = 14.0;
				LD_RUNPATH_SEARCH_PATHS = (
					"$(inherited)",
					"@executable_path/Frameworks",
				);
				PRODUCT_BUNDLE_IDENTIFIER = amirprime.Strowke;
				PRODUCT_NAME = Strowke;
				SDKROOT = iphoneos;
				SWIFT_VERSION = 5.0;
				TARGETED_DEVICE_FAMILY = "1,2";
			};
			name = Debug;
		};
		6AC0136624BB3E1E00447E36 /* Release */ = {
			isa = XCBuildConfiguration;
			buildSettings = {
				ASSETCATALOG_COMPILER_APPICON_NAME = AppIcon;
				ASSETCATALOG_COMPILER_GLOBAL_ACCENT_COLOR_NAME = AccentColor;
				CODE_SIGN_STYLE = Automatic;
				DEVELOPMENT_TEAM = 6365P5X875;
				ENABLE_PREVIEWS = YES;
				INFOPLIST_FILE = iOS/Info.plist;
				IPHONEOS_DEPLOYMENT_TARGET = 14.0;
				LD_RUNPATH_SEARCH_PATHS = (
					"$(inherited)",
					"@executable_path/Frameworks",
				);
				PRODUCT_BUNDLE_IDENTIFIER = amirprime.Strowke;
				PRODUCT_NAME = Strowke;
				SDKROOT = iphoneos;
				SWIFT_VERSION = 5.0;
				TARGETED_DEVICE_FAMILY = "1,2";
				VALIDATE_PRODUCT = YES;
			};
			name = Release;
		};
		6AC0136824BB3E1E00447E36 /* Debug */ = {
			isa = XCBuildConfiguration;
			buildSettings = {
				ASSETCATALOG_COMPILER_APPICON_NAME = AppIcon;
				ASSETCATALOG_COMPILER_GLOBAL_ACCENT_COLOR_NAME = AccentColor;
				CODE_SIGN_ENTITLEMENTS = macOS/macOS.entitlements;
				CODE_SIGN_STYLE = Automatic;
				COMBINE_HIDPI_IMAGES = YES;
				DEVELOPMENT_TEAM = 6365P5X875;
				ENABLE_HARDENED_RUNTIME = YES;
				ENABLE_PREVIEWS = YES;
				INFOPLIST_FILE = macOS/Info.plist;
				LD_RUNPATH_SEARCH_PATHS = (
					"$(inherited)",
					"@executable_path/../Frameworks",
				);
				MACOSX_DEPLOYMENT_TARGET = 10.16;
				PRODUCT_BUNDLE_IDENTIFIER = amirprime.Strowke;
				PRODUCT_NAME = Strowke;
				SDKROOT = macosx;
				SWIFT_VERSION = 5.0;
			};
			name = Debug;
		};
		6AC0136924BB3E1E00447E36 /* Release */ = {
			isa = XCBuildConfiguration;
			buildSettings = {
				ASSETCATALOG_COMPILER_APPICON_NAME = AppIcon;
				ASSETCATALOG_COMPILER_GLOBAL_ACCENT_COLOR_NAME = AccentColor;
				CODE_SIGN_ENTITLEMENTS = macOS/macOS.entitlements;
				CODE_SIGN_STYLE = Automatic;
				COMBINE_HIDPI_IMAGES = YES;
				DEVELOPMENT_TEAM = 6365P5X875;
				ENABLE_HARDENED_RUNTIME = YES;
				ENABLE_PREVIEWS = YES;
				INFOPLIST_FILE = macOS/Info.plist;
				LD_RUNPATH_SEARCH_PATHS = (
					"$(inherited)",
					"@executable_path/../Frameworks",
				);
				MACOSX_DEPLOYMENT_TARGET = 10.16;
				PRODUCT_BUNDLE_IDENTIFIER = amirprime.Strowke;
				PRODUCT_NAME = Strowke;
				SDKROOT = macosx;
				SWIFT_VERSION = 5.0;
			};
			name = Release;
		};
		6AC0136B24BB3E1E00447E36 /* Debug */ = {
			isa = XCBuildConfiguration;
			buildSettings = {
				ALWAYS_EMBED_SWIFT_STANDARD_LIBRARIES = YES;
				CODE_SIGN_STYLE = Automatic;
				DEVELOPMENT_TEAM = 6365P5X875;
				INFOPLIST_FILE = "Tests iOS/Info.plist";
				IPHONEOS_DEPLOYMENT_TARGET = 14.0;
				LD_RUNPATH_SEARCH_PATHS = (
					"$(inherited)",
					"@executable_path/Frameworks",
					"@loader_path/Frameworks",
				);
				PRODUCT_BUNDLE_IDENTIFIER = "amirprime.Tests-iOS";
				PRODUCT_NAME = "$(TARGET_NAME)";
				SDKROOT = iphoneos;
				SWIFT_VERSION = 5.0;
				TARGETED_DEVICE_FAMILY = "1,2";
				TEST_TARGET_NAME = iOS;
			};
			name = Debug;
		};
		6AC0136C24BB3E1E00447E36 /* Release */ = {
			isa = XCBuildConfiguration;
			buildSettings = {
				ALWAYS_EMBED_SWIFT_STANDARD_LIBRARIES = YES;
				CODE_SIGN_STYLE = Automatic;
				DEVELOPMENT_TEAM = 6365P5X875;
				INFOPLIST_FILE = "Tests iOS/Info.plist";
				IPHONEOS_DEPLOYMENT_TARGET = 14.0;
				LD_RUNPATH_SEARCH_PATHS = (
					"$(inherited)",
					"@executable_path/Frameworks",
					"@loader_path/Frameworks",
				);
				PRODUCT_BUNDLE_IDENTIFIER = "amirprime.Tests-iOS";
				PRODUCT_NAME = "$(TARGET_NAME)";
				SDKROOT = iphoneos;
				SWIFT_VERSION = 5.0;
				TARGETED_DEVICE_FAMILY = "1,2";
				TEST_TARGET_NAME = iOS;
				VALIDATE_PRODUCT = YES;
			};
			name = Release;
		};
		6AC0136E24BB3E1E00447E36 /* Debug */ = {
			isa = XCBuildConfiguration;
			buildSettings = {
				ALWAYS_EMBED_SWIFT_STANDARD_LIBRARIES = YES;
				CODE_SIGN_STYLE = Automatic;
				COMBINE_HIDPI_IMAGES = YES;
				DEVELOPMENT_TEAM = 6365P5X875;
				INFOPLIST_FILE = "Tests macOS/Info.plist";
				LD_RUNPATH_SEARCH_PATHS = (
					"$(inherited)",
					"@executable_path/../Frameworks",
					"@loader_path/../Frameworks",
				);
				MACOSX_DEPLOYMENT_TARGET = 10.15;
				PRODUCT_BUNDLE_IDENTIFIER = "amirprime.Tests-macOS";
				PRODUCT_NAME = "$(TARGET_NAME)";
				SDKROOT = macosx;
				SWIFT_VERSION = 5.0;
				TEST_TARGET_NAME = macOS;
			};
			name = Debug;
		};
		6AC0136F24BB3E1E00447E36 /* Release */ = {
			isa = XCBuildConfiguration;
			buildSettings = {
				ALWAYS_EMBED_SWIFT_STANDARD_LIBRARIES = YES;
				CODE_SIGN_STYLE = Automatic;
				COMBINE_HIDPI_IMAGES = YES;
				DEVELOPMENT_TEAM = 6365P5X875;
				INFOPLIST_FILE = "Tests macOS/Info.plist";
				LD_RUNPATH_SEARCH_PATHS = (
					"$(inherited)",
					"@executable_path/../Frameworks",
					"@loader_path/../Frameworks",
				);
				MACOSX_DEPLOYMENT_TARGET = 10.15;
				PRODUCT_BUNDLE_IDENTIFIER = "amirprime.Tests-macOS";
				PRODUCT_NAME = "$(TARGET_NAME)";
				SDKROOT = macosx;
				SWIFT_VERSION = 5.0;
				TEST_TARGET_NAME = macOS;
			};
			name = Release;
		};
/* End XCBuildConfiguration section */

/* Begin XCConfigurationList section */
		6AC0133124BB3E1C00447E36 /* Build configuration list for PBXProject "Strowke" */ = {
			isa = XCConfigurationList;
			buildConfigurations = (
				6AC0136224BB3E1E00447E36 /* Debug */,
				6AC0136324BB3E1E00447E36 /* Release */,
			);
			defaultConfigurationIsVisible = 0;
			defaultConfigurationName = Release;
		};
		6AC0136424BB3E1E00447E36 /* Build configuration list for PBXNativeTarget "iOS" */ = {
			isa = XCConfigurationList;
			buildConfigurations = (
				6AC0136524BB3E1E00447E36 /* Debug */,
				6AC0136624BB3E1E00447E36 /* Release */,
			);
			defaultConfigurationIsVisible = 0;
			defaultConfigurationName = Release;
		};
		6AC0136724BB3E1E00447E36 /* Build configuration list for PBXNativeTarget "macOS" */ = {
			isa = XCConfigurationList;
			buildConfigurations = (
				6AC0136824BB3E1E00447E36 /* Debug */,
				6AC0136924BB3E1E00447E36 /* Release */,
			);
			defaultConfigurationIsVisible = 0;
			defaultConfigurationName = Release;
		};
		6AC0136A24BB3E1E00447E36 /* Build configuration list for PBXNativeTarget "Tests iOS" */ = {
			isa = XCConfigurationList;
			buildConfigurations = (
				6AC0136B24BB3E1E00447E36 /* Debug */,
				6AC0136C24BB3E1E00447E36 /* Release */,
			);
			defaultConfigurationIsVisible = 0;
			defaultConfigurationName = Release;
		};
		6AC0136D24BB3E1E00447E36 /* Build configuration list for PBXNativeTarget "Tests macOS" */ = {
			isa = XCConfigurationList;
			buildConfigurations = (
				6AC0136E24BB3E1E00447E36 /* Debug */,
				6AC0136F24BB3E1E00447E36 /* Release */,
			);
			defaultConfigurationIsVisible = 0;
			defaultConfigurationName = Release;
		};
/* End XCConfigurationList section */
	};
	rootObject = 6AC0132E24BB3E1C00447E36 /* Project object */;
}
